
Microsoft Visual Studio Solution File, Format Version 12.00
# Visual Studio 15
VisualStudioVersion = 15.0.27130.2010
MinimumVisualStudioVersion = 10.0.40219.1
Project("{FAE04EC0-301F-11D3-BF4B-00C04F79EFBC}") = "win", "Wpf\win.csproj", "{79E61E4B-B3AE-477B-9D3E-A4121D88561C}"
EndProject
Project("{FAE04EC0-301F-11D3-BF4B-00C04F79EFBC}") = "db", "data\db.csproj", "{8B0E2C5F-7144-4811-A0A6-6F72DE46CCC7}"
EndProject
Project("{FAE04EC0-301F-11D3-BF4B-00C04F79EFBC}") = "cmn", "model\cmn.csproj", "{7667B26B-2029-4F4C-ACE7-DFE647142EA5}"
EndProject
Project("{FAE04EC0-301F-11D3-BF4B-00C04F79EFBC}") = "console", "console\console.csproj", "{72A8479F-D819-4489-9F8C-5012D0D8FE9D}"
EndProject
Global
	GlobalSection(SolutionConfigurationPlatforms) = preSolution
		Debug|Any CPU = Debug|Any CPU
		Release|Any CPU = Release|Any CPU
	EndGlobalSection
	GlobalSection(ProjectConfigurationPlatforms) = postSolution
		{79E61E4B-B3AE-477B-9D3E-A4121D88561C}.Debug|Any CPU.ActiveCfg = Debug|Any CPU
		{79E61E4B-B3AE-477B-9D3E-A4121D88561C}.Debug|Any CPU.Build.0 = Debug|Any CPU
		{79E61E4B-B3AE-477B-9D3E-A4121D88561C}.Release|Any CPU.ActiveCfg = Release|Any CPU
		{79E61E4B-B3AE-477B-9D3E-A4121D88561C}.Release|Any CPU.Build.0 = Release|Any CPU
		{8B0E2C5F-7144-4811-A0A6-6F72DE46CCC7}.Debug|Any CPU.ActiveCfg = Debug|Any CPU
		{8B0E2C5F-7144-4811-A0A6-6F72DE46CCC7}.Debug|Any CPU.Build.0 = Debug|Any CPU
		{8B0E2C5F-7144-4811-A0A6-6F72DE46CCC7}.Release|Any CPU.ActiveCfg = Release|Any CPU
		{8B0E2C5F-7144-4811-A0A6-6F72DE46CCC7}.Release|Any CPU.Build.0 = Release|Any CPU
		{7667B26B-2029-4F4C-ACE7-DFE647142EA5}.Debug|Any CPU.ActiveCfg = Debug|Any CPU
		{7667B26B-2029-4F4C-ACE7-DFE647142EA5}.Debug|Any CPU.Build.0 = Debug|Any CPU
		{7667B26B-2029-4F4C-ACE7-DFE647142EA5}.Release|Any CPU.ActiveCfg = Release|Any CPU
		{7667B26B-2029-4F4C-ACE7-DFE647142EA5}.Release|Any CPU.Build.0 = Release|Any CPU
		{72A8479F-D819-4489-9F8C-5012D0D8FE9D}.Debug|Any CPU.ActiveCfg = Debug|Any CPU
		{72A8479F-D819-4489-9F8C-5012D0D8FE9D}.Debug|Any CPU.Build.0 = Debug|Any CPU
		{72A8479F-D819-4489-9F8C-5012D0D8FE9D}.Release|Any CPU.ActiveCfg = Release|Any CPU
		{72A8479F-D819-4489-9F8C-5012D0D8FE9D}.Release|Any CPU.Build.0 = Release|Any CPU
	EndGlobalSection
	GlobalSection(SolutionProperties) = preSolution
		HideSolutionNode = FALSE
	EndGlobalSection
	GlobalSection(ExtensibilityGlobals) = postSolution
		SolutionGuid = {0287F454-3AD8-4B4D-A623-59DA1F354C5E}
	EndGlobalSection
EndGlobal
